lockfileVersion: '9.0'

settings:
  autoInstallPeers: true
  excludeLinksFromLockfile: false

importers:

  .:
    devDependencies:
      '@somnia-chain/reactivity-contracts':
        specifier: ^0.2.0
        version: 0.2.0

packages:

  '@somnia-chain/reactivity-contracts@0.2.0':
    resolution: {integrity: sha512-/L4bYsOJacQEi3OPi1n+OZxuP5lj3u9gflDNar2IanVPTY1/lacew1+VAEO/bXXgw36/eoe+kQ2S01LD98KY6g==}

snapshots:

  '@somnia-chain/reactivity-contracts@0.2.0': {}
